// !$*UTF8*$!
{
	archiveVersion = 1;
	classes = {
	};
	objectVersion = 48;
	objects = {

/* Begin PBXBuildFile section */
		447A9C172224969EF9CF55FE /* Pods_Parse_ChatUITests.framework in Frameworks */ = {isa = PBXBuildFile; fileRef = CEC61D8B40FC8D04F05AD3F8 /* Pods_Parse_ChatUITests.framework */; };
		7256B237E0DA606BE6F086C4 /* Pods_Parse_Chat.framework in Frameworks */ = {isa = PBXBuildFile; fileRef = 4AB5EB839196B1AB54DC39DD /* Pods_Parse_Chat.framework */; };
		B904D2AC21560D9600179044 /* AppDelegate.swift in Sources */ = {isa = PBXBuildFile; fileRef = B904D2AB21560D9600179044 /* AppDelegate.swift */; };
		B904D2AE21560D9600179044 /* ViewController.swift in Sources */ = {isa = PBXBuildFile; fileRef = B904D2AD21560D9600179044 /* ViewController.swift */; };
		B904D2B121560D9600179044 /* Main.storyboard in Resources */ = {isa = PBXBuildFile; fileRef = B904D2AF21560D9600179044 /* Main.storyboard */; };
		B904D2B321560D9600179044 /* Assets.xcassets in Resources */ = {isa = PBXBuildFile; fileRef = B904D2B221560D9600179044 /* Assets.xcassets */; };
		B904D2B621560D9600179044 /* LaunchScreen.storyboard in Resources */ = {isa = PBXBuildFile; fileRef = B904D2B421560D9600179044 /* LaunchScreen.storyboard */; };
		B904D2C121560D9600179044 /* Parse_ChatTests.swift in Sources */ = {isa = PBXBuildFile; fileRef = B904D2C021560D9600179044 /* Parse_ChatTests.swift */; };
		B904D2CC21560D9600179044 /* Parse_ChatUITests.swift in Sources */ = {isa = PBXBuildFile; fileRef = B904D2CB21560D9600179044 /* Parse_ChatUITests.swift */; };
		B904D2DA2157764B00179044 /* LoginViewController.swift in Sources */ = {isa = PBXBuildFile; fileRef = B904D2D92157764B00179044 /* LoginViewController.swift */; };
		B904D2DE21577D0100179044 /* ChatCell.swift in Sources */ = {isa = PBXBuildFile; fileRef = B904D2DD21577D0100179044 /* ChatCell.swift */; };
		C7972FB4D0DA28B73E722749 /* Pods_Parse_ChatTests.framework in Frameworks */ = {isa = PBXBuildFile; fileRef = 0EAD37A970B0A8EACD0E05A2 /* Pods_Parse_ChatTests.framework */; };
/* End PBXBuildFile section */

/* Begin PBXContainerItemProxy section */
		B904D2BD21560D9600179044 /* PBXContainerItemProxy */ = {
			isa = PBXContainerItemProxy;
			containerPortal = B904D2A021560D9600179044 /* Project object */;
			proxyType = 1;
			remoteGlobalIDString = B904D2A721560D9600179044;
			remoteInfo = "Parse Chat";
		};
		B904D2C821560D9600179044 /* PBXContainerItemProxy */ = {
			isa = PBXContainerItemProxy;
			containerPortal = B904D2A021560D9600179044 /* Project object */;
			proxyType = 1;
			remoteGlobalIDString = B904D2A721560D9600179044;
			remoteInfo = "Parse Chat";
		};
/* End PBXContainerItemProxy section */

/* Begin PBXFileReference section */
		0EAD37A970B0A8EACD0E05A2 /* Pods_Parse_ChatTests.framework */ = {isa = PBXFileReference; explicitFileType = wrapper.framework; includeInIndex = 0; path = Pods_Parse_ChatTests.framework; sourceTree = BUILT_PRODUCTS_DIR; };
		2599ED8183AA47A3B3A33FAB /* Pods-Parse ChatTests.release.xcconfig */ = {isa = PBXFileReference; includeInIndex = 1; lastKnownFileType = text.xcconfig; name = "Pods-Parse ChatTests.release.xcconfig"; path = "Pods/Target Support Files/Pods-Parse ChatTests/Pods-Parse ChatTests.release.xcconfig"; sourceTree = "<group>"; };
		28BDD84048D407D3BDE80366 /* Pods-Parse ChatUITests.release.xcconfig */ = {isa = PBXFileReference; includeInIndex = 1; lastKnownFileType = text.xcconfig; name = "Pods-Parse ChatUITests.release.xcconfig"; path = "Pods/Target Support Files/Pods-Parse ChatUITests/Pods-Parse ChatUITests.release.xcconfig"; sourceTree = "<group>"; };
		2E7AB3FA22484FEDF0C756E5 /* Pods-Parse ChatUITests.debug.xcconfig */ = {isa = PBXFileReference; includeInIndex = 1; lastKnownFileType = text.xcconfig; name = "Pods-Parse ChatUITests.debug.xcconfig"; path = "Pods/Target Support Files/Pods-Parse ChatUITests/Pods-Parse ChatUITests.debug.xcconfig"; sourceTree = "<group>"; };
		4AB5EB839196B1AB54DC39DD /* Pods_Parse_Chat.framework */ = {isa = PBXFileReference; explicitFileType = wrapper.framework; includeInIndex = 0; path = Pods_Parse_Chat.framework; sourceTree = BUILT_PRODUCTS_DIR; };
		646D4EA0625C0646D4FA2E40 /* Pods-Parse Chat.release.xcconfig */ = {isa = PBXFileReference; includeInIndex = 1; lastKnownFileType = text.xcconfig; name = "Pods-Parse Chat.release.xcconfig"; path = "Pods/Target Support Files/Pods-Parse Chat/Pods-Parse Chat.release.xcconfig"; sourceTree = "<group>"; };
		67CACF972C4AD16D9B7992AB /* Pods-Parse ChatTests.debug.xcconfig */ = {isa = PBXFileReference; includeInIndex = 1; lastKnownFileType = text.xcconfig; name = "Pods-Parse ChatTests.debug.xcconfig"; path = "Pods/Target Support Files/Pods-Parse ChatTests/Pods-Parse ChatTests.debug.xcconfig"; sourceTree = "<group>"; };
		B904D2A821560D9600179044 /* Parse Chat.app */ = {isa = PBXFileReference; explicitFileType = wrapper.application; includeInIndex = 0; path = "Parse Chat.app"; sourceTree = BUILT_PRODUCTS_DIR; };
		B904D2AB21560D9600179044 /* AppDelegate.swift */ = {isa = PBXFileReference; lastKnownFileType = sourcecode.swift; path = AppDelegate.swift; sourceTree = "<group>"; };
		B904D2AD21560D9600179044 /* ViewController.swift */ = {isa = PBXFileReference; lastKnownFileType = sourcecode.swift; path = ViewController.swift; sourceTree = "<group>"; };
		B904D2B021560D9600179044 /* Base */ = {isa = PBXFileReference; lastKnownFileType = file.storyboard; name = Base; path = Base.lproj/Main.storyboard; sourceTree = "<group>"; };
		B904D2B221560D9600179044 /* Assets.xcassets */ = {isa = PBXFileReference; lastKnownFileType = folder.assetcatalog; path = Assets.xcassets; sourceTree = "<group>"; };
		B904D2B521560D9600179044 /* Base */ = {isa = PBXFileReference; lastKnownFileType = file.storyboard; name = Base; path = Base.lproj/LaunchScreen.storyboard; sourceTree = "<group>"; };
		B904D2B721560D9600179044 /* Info.plist */ = {isa = PBXFileReference; lastKnownFileType = text.plist.xml; path = Info.plist; sourceTree = "<group>"; };
		B904D2BC21560D9600179044 /* Parse ChatTests.xctest */ = {isa = PBXFileReference; explicitFileType = wrapper.cfbundle; includeInIndex = 0; path = "Parse ChatTests.xctest"; sourceTree = BUILT_PRODUCTS_DIR; };
		B904D2C021560D9600179044 /* Parse_ChatTests.swift */ = {isa = PBXFileReference; lastKnownFileType = sourcecode.swift; path = Parse_ChatTests.swift; sourceTree = "<group>"; };
		B904D2C221560D9600179044 /* Info.plist */ = {isa = PBXFileReference; lastKnownFileType = text.plist.xml; path = Info.plist; sourceTree = "<group>"; };
		B904D2C721560D9600179044 /* Parse ChatUITests.xctest */ = {isa = PBXFileReference; explicitFileType = wrapper.cfbundle; includeInIndex = 0; path = "Parse ChatUITests.xctest"; sourceTree = BUILT_PRODUCTS_DIR; };
		B904D2CB21560D9600179044 /* Parse_ChatUITests.swift */ = {isa = PBXFileReference; lastKnownFileType = sourcecode.swift; path = Parse_ChatUITests.swift; sourceTree = "<group>"; };
		B904D2CD21560D9600179044 /* Info.plist */ = {isa = PBXFileReference; lastKnownFileType = text.plist.xml; path = Info.plist; sourceTree = "<group>"; };
		B904D2D92157764B00179044 /* LoginViewController.swift */ = {isa = PBXFileReference; lastKnownFileType = sourcecode.swift; path = LoginViewController.swift; sourceTree = "<group>"; };
		B904D2DD21577D0100179044 /* ChatCell.swift */ = {isa = PBXFileReference; lastKnownFileType = sourcecode.swift; path = ChatCell.swift; sourceTree = "<group>"; };
		CEC61D8B40FC8D04F05AD3F8 /* Pods_Parse_ChatUITests.framework */ = {isa = PBXFileReference; explicitFileType = wrapper.framework; includeInIndex = 0; path = Pods_Parse_ChatUITests.framework; sourceTree = BUILT_PRODUCTS_DIR; };
		F558F7E34CD7CA24E3D93E00 /* Pods-Parse Chat.debug.xcconfig */ = {isa = PBXFileReference; includeInIndex = 1; lastKnownFileType = text.xcconfig; name = "Pods-Parse Chat.debug.xcconfig"; path = "Pods/Target Support Files/Pods-Parse Chat/Pods-Parse Chat.debug.xcconfig"; sourceTree = "<group>"; };
/* End PBXFileReference section */

/* Begin PBXFrameworksBuildPhase section */
		B904D2A521560D9600179044 /* Frameworks */ = {
			isa = PBXFrameworksBuildPhase;
			buildActionMask = 2147483647;
			files = (
				7256B237E0DA606BE6F086C4 /* Pods_Parse_Chat.framework in Frameworks */,
			);
			runOnlyForDeploymentPostprocessing = 0;
		};
		B904D2B921560D9600179044 /* Frameworks */ = {
			isa = PBXFrameworksBuildPhase;
			buildActionMask = 2147483647;
			files = (
				C7972FB4D0DA28B73E722749 /* Pods_Parse_ChatTests.framework in Frameworks */,
			);
			runOnlyForDeploymentPostprocessing = 0;
		};
		B904D2C421560D9600179044 /* Frameworks */ = {
			isa = PBXFrameworksBuildPhase;
			buildActionMask = 2147483647;
			files = (
				447A9C172224969EF9CF55FE /* Pods_Parse_ChatUITests.framework in Frameworks */,
			);
			runOnlyForDeploymentPostprocessing = 0;
		};
/* End PBXFrameworksBuildPhase section */

/* Begin PBXGroup section */
		1B9164CA506AD4DB11EB6D91 /* Pods */ = {
			isa = PBXGroup;
			children = (
				F558F7E34CD7CA24E3D93E00 /* Pods-Parse Chat.debug.xcconfig */,
				646D4EA0625C0646D4FA2E40 /* Pods-Parse Chat.release.xcconfig */,
				67CACF972C4AD16D9B7992AB /* Pods-Parse ChatTests.debug.xcconfig */,
				2599ED8183AA47A3B3A33FAB /* Pods-Parse ChatTests.release.xcconfig */,
				2E7AB3FA22484FEDF0C756E5 /* Pods-Parse ChatUITests.debug.xcconfig */,
				28BDD84048D407D3BDE80366 /* Pods-Parse ChatUITests.release.xcconfig */,
			);
			name = Pods;
			sourceTree = "<group>";
		};
		8053F5C89C2F6ABF69FB5FB5 /* Frameworks */ = {
			isa = PBXGroup;
			children = (
				4AB5EB839196B1AB54DC39DD /* Pods_Parse_Chat.framework */,
				0EAD37A970B0A8EACD0E05A2 /* Pods_Parse_ChatTests.framework */,
				CEC61D8B40FC8D04F05AD3F8 /* Pods_Parse_ChatUITests.framework */,
			);
			name = Frameworks;
			sourceTree = "<group>";
		};
		B904D29F21560D9600179044 = {
			isa = PBXGroup;
			children = (
				B904D2AA21560D9600179044 /* Parse Chat */,
				B904D2BF21560D9600179044 /* Parse ChatTests */,
				B904D2CA21560D9600179044 /* Parse ChatUITests */,
				B904D2A921560D9600179044 /* Products */,
				1B9164CA506AD4DB11EB6D91 /* Pods */,
				8053F5C89C2F6ABF69FB5FB5 /* Frameworks */,
			);
			sourceTree = "<group>";
		};
		B904D2A921560D9600179044 /* Products */ = {
			isa = PBXGroup;
			children = (
				B904D2A821560D9600179044 /* Parse Chat.app */,
				B904D2BC21560D9600179044 /* Parse ChatTests.xctest */,
				B904D2C721560D9600179044 /* Parse ChatUITests.xctest */,
			);
			name = Products;
			sourceTree = "<group>";
		};
		B904D2AA21560D9600179044 /* Parse Chat */ = {
			isa = PBXGroup;
			children = (
				B904D2AB21560D9600179044 /* AppDelegate.swift */,
				B904D2AD21560D9600179044 /* ViewController.swift */,
				B904D2AF21560D9600179044 /* Main.storyboard */,
				B904D2B221560D9600179044 /* Assets.xcassets */,
				B904D2B421560D9600179044 /* LaunchScreen.storyboard */,
				B904D2B721560D9600179044 /* Info.plist */,
				B904D2D92157764B00179044 /* LoginViewController.swift */,
				B904D2DD21577D0100179044 /* ChatCell.swift */,
			);
			path = "Parse Chat";
			sourceTree = "<group>";
		};
		B904D2BF21560D9600179044 /* Parse ChatTests */ = {
			isa = PBXGroup;
			children = (
				B904D2C021560D9600179044 /* Parse_ChatTests.swift */,
				B904D2C221560D9600179044 /* Info.plist */,
			);
			path = "Parse ChatTests";
			sourceTree = "<group>";
		};
		B904D2CA21560D9600179044 /* Parse ChatUITests */ = {
			isa = PBXGroup;
			children = (
				B904D2CB21560D9600179044 /* Parse_ChatUITests.swift */,
				B904D2CD21560D9600179044 /* Info.plist */,
			);
			path = "Parse ChatUITests";
			sourceTree = "<group>";
		};
/* End PBXGroup section */

/* Begin PBXNativeTarget section */
		B904D2A721560D9600179044 /* Parse Chat */ = {
			isa = PBXNativeTarget;
			buildConfigurationList = B904D2D021560D9600179044 /* Build configuration list for PBXNativeTarget "Parse Chat" */;
			buildPhases = (
				74B892704AC5A8B65DCF78D0 /* [CP] Check Pods Manifest.lock */,
				B904D2A421560D9600179044 /* Sources */,
				B904D2A521560D9600179044 /* Frameworks */,
				B904D2A621560D9600179044 /* Resources */,
				E3A4FA30802867AE71F74BAF /* [CP] Embed Pods Frameworks */,
			);
			buildRules = (
			);
			dependencies = (
			);
			name = "Parse Chat";
			productName = "Parse Chat";
			productReference = B904D2A821560D9600179044 /* Parse Chat.app */;
			productType = "com.apple.product-type.application";
		};
		B904D2BB21560D9600179044 /* Parse ChatTests */ = {
			isa = PBXNativeTarget;
			buildConfigurationList = B904D2D321560D9600179044 /* Build configuration list for PBXNativeTarget "Parse ChatTests" */;
			buildPhases = (
				0CBE5FB13779290DE6E16667 /* [CP] Check Pods Manifest.lock */,
				B904D2B821560D9600179044 /* Sources */,
				B904D2B921560D9600179044 /* Frameworks */,
				B904D2BA21560D9600179044 /* Resources */,
			);
			buildRules = (
			);
			dependencies = (
				B904D2BE21560D9600179044 /* PBXTargetDependency */,
			);
			name = "Parse ChatTests";
			productName = "Parse ChatTests";
			productReference = B904D2BC21560D9600179044 /* Parse ChatTests.xctest */;
			productType = "com.apple.product-type.bundle.unit-test";
		};
		B904D2C621560D9600179044 /* Parse ChatUITests */ = {
			isa = PBXNativeTarget;
			buildConfigurationList = B904D2D621560D9600179044 /* Build configuration list for PBXNativeTarget "Parse ChatUITests" */;
			buildPhases = (
				3CAD46CC2C5D633BB82E4A5E /* [CP] Check Pods Manifest.lock */,
				B904D2C321560D9600179044 /* Sources */,
				B904D2C421560D9600179044 /* Frameworks */,
				B904D2C521560D9600179044 /* Resources */,
			);
			buildRules = (
			);
			dependencies = (
				B904D2C921560D9600179044 /* PBXTargetDependency */,
			);
			name = "Parse ChatUITests";
			productName = "Parse ChatUITests";
			productReference = B904D2C721560D9600179044 /* Parse ChatUITests.xctest */;
			productType = "com.apple.product-type.bundle.ui-testing";
		};
/* End PBXNativeTarget section */

/* Begin PBXProject section */
		B904D2A021560D9600179044 /* Project object */ = {
			isa = PBXProject;
			attributes = {
				LastSwiftUpdateCheck = 0920;
				LastUpgradeCheck = 0920;
				ORGANIZATIONNAME = "Jinan Huang";
				TargetAttributes = {
					B904D2A721560D9600179044 = {
						CreatedOnToolsVersion = 9.2;
						ProvisioningStyle = Automatic;
					};
					B904D2BB21560D9600179044 = {
						CreatedOnToolsVersion = 9.2;
						ProvisioningStyle = Automatic;
						TestTargetID = B904D2A721560D9600179044;
					};
					B904D2C621560D9600179044 = {
						CreatedOnToolsVersion = 9.2;
						ProvisioningStyle = Automatic;
						TestTargetID = B904D2A721560D9600179044;
					};
				};
			};
			buildConfigurationList = B904D2A321560D9600179044 /* Build configuration list for PBXProject "Parse Chat" */;
			compatibilityVersion = "Xcode 8.0";
			developmentRegion = en;
			hasScannedForEncodings = 0;
			knownRegions = (
				en,
				Base,
			);
			mainGroup = B904D29F21560D9600179044;
			productRefGroup = B904D2A921560D9600179044 /* Products */;
			projectDirPath = "";
			projectRoot = "";
			targets = (
				B904D2A721560D9600179044 /* Parse Chat */,
				B904D2BB21560D9600179044 /* Parse ChatTests */,
				B904D2C621560D9600179044 /* Parse ChatUITests */,
			);
		};
/* End PBXProject section */

/* Begin PBXResourcesBuildPhase section */
		B904D2A621560D9600179044 /* Resources */ = {
			isa = PBXResourcesBuildPhase;
			buildActionMask = 2147483647;
			files = (
				B904D2B621560D9600179044 /* LaunchScreen.storyboard in Resources */,
				B904D2B321560D9600179044 /* Assets.xcassets in Resources */,
				B904D2B121560D9600179044 /* Main.storyboard in Resources */,
			);
			runOnlyForDeploymentPostprocessing = 0;
		};
		B904D2BA21560D9600179044 /* Resources */ = {
			isa = PBXResourcesBuildPhase;
			buildActionMask = 2147483647;
			files = (
			);
			runOnlyForDeploymentPostprocessing = 0;
		};
		B904D2C521560D9600179044 /* Resources */ = {
			isa = PBXResourcesBuildPhase;
			buildActionMask = 2147483647;
			files = (
			);
			runOnlyForDeploymentPostprocessing = 0;
		};
/* End PBXResourcesBuildPhase section */

/* Begin PBXShellScriptBuildPhase section */
		0CBE5FB13779290DE6E16667 /* [CP] Check Pods Manifest.lock */ = {
			isa = PBXShellScriptBuildPhase;
			buildActionMask = 2147483647;
			files = (
			);
			inputFileListPaths = (
			);
			inputPaths = (
				"${PODS_PODFILE_DIR_PATH}/Podfile.lock",
				"${PODS_ROOT}/Manifest.lock",
			);
			name = "[CP] Check Pods Manifest.lock";
			outputFileListPaths = (
			);
			outputPaths = (
				"$(DERIVED_FILE_DIR)/Pods-Parse ChatTests-checkManifestLockResult.txt",
			);
			runOnlyForDeploymentPostprocessing = 0;
			shellPath = /bin/sh;
			shellScript = "diff \"${PODS_PODFILE_DIR_PATH}/Podfile.lock\" \"${PODS_ROOT}/Manifest.lock\" > /dev/null\nif [ $? != 0 ] ; then\n    # print error to STDERR\n    echo \"error: The sandbox is not in sync with the Podfile.lock. Run 'pod install' or update your CocoaPods installation.\" >&2\n    exit 1\nfi\n# This output is used by Xcode 'outputs' to avoid re-running this script phase.\necho \"SUCCESS\" > \"${SCRIPT_OUTPUT_FILE_0}\"\n";
			showEnvVarsInLog = 0;
		};
		3CAD46CC2C5D633BB82E4A5E /* [CP] Check Pods Manifest.lock */ = {
			isa = PBXShellScriptBuildPhase;
			buildActionMask = 2147483647;
			files = (
			);
			inputFileListPaths = (
			);
			inputPaths = (
				"${PODS_PODFILE_DIR_PATH}/Podfile.lock",
				"${PODS_ROOT}/Manifest.lock",
			);
			name = "[CP] Check Pods Manifest.lock";
			outputFileListPaths = (
			);
			outputPaths = (
				"$(DERIVED_FILE_DIR)/Pods-Parse ChatUITests-checkManifestLockResult.txt",
			);
			runOnlyForDeploymentPostprocessing = 0;
			shellPath = /bin/sh;
			shellScript = "diff \"${PODS_PODFILE_DIR_PATH}/Podfile.lock\" \"${PODS_ROOT}/Manifest.lock\" > /dev/null\nif [ $? != 0 ] ; then\n    # print error to STDERR\n    echo \"error: The sandbox is not in sync with the Podfile.lock. Run 'pod install' or update your CocoaPods installation.\" >&2\n    exit 1\nfi\n# This output is used by Xcode 'outputs' to avoid re-running this script phase.\necho \"SUCCESS\" > \"${SCRIPT_OUTPUT_FILE_0}\"\n";
			showEnvVarsInLog = 0;
		};
		74B892704AC5A8B65DCF78D0 /* [CP] Check Pods Manifest.lock */ = {
			isa = PBXShellScriptBuildPhase;
			buildActionMask = 2147483647;
			files = (
			);
			inputFileListPaths = (
			);
			inputPaths = (
				"${PODS_PODFILE_DIR_PATH}/Podfile.lock",
				"${PODS_ROOT}/Manifest.lock",
			);
			name = "[CP] Check Pods Manifest.lock";
			outputFileListPaths = (
			);
			outputPaths = (
				"$(DERIVED_FILE_DIR)/Pods-Parse Chat-checkManifestLockResult.txt",
			);
			runOnlyForDeploymentPostprocessing = 0;
			shellPath = /bin/sh;
			shellScript = "diff \"${PODS_PODFILE_DIR_PATH}/Podfile.lock\" \"${PODS_ROOT}/Manifest.lock\" > /dev/null\nif [ $? != 0 ] ; then\n    # print error to STDERR\n    echo \"error: The sandbox is not in sync with the Podfile.lock. Run 'pod install' or update your CocoaPods installation.\" >&2\n    exit 1\nfi\n# This output is used by Xcode 'outputs' to avoid re-running this script phase.\necho \"SUCCESS\" > \"${SCRIPT_OUTPUT_FILE_0}\"\n";
			showEnvVarsInLog = 0;
		};
		E3A4FA30802867AE71F74BAF /* [CP] Embed Pods Frameworks */ = {
			isa = PBXShellScriptBuildPhase;
			buildActionMask = 2147483647;
			files = (
			);
			inputFileListPaths = (
			);
			inputPaths = (
				"${SRCROOT}/Pods/Target Support Files/Pods-Parse Chat/Pods-Parse Chat-frameworks.sh",
				"${BUILT_PRODUCTS_DIR}/Bolts/Bolts.framework",
				"${BUILT_PRODUCTS_DIR}/Parse/Parse.framework",
			);
			name = "[CP] Embed Pods Frameworks";
			outputFileListPaths = (
			);
			outputPaths = (
				"${TARGET_BUILD_DIR}/${FRAMEWORKS_FOLDER_PATH}/Bolts.framework",
				"${TARGET_BUILD_DIR}/${FRAMEWORKS_FOLDER_PATH}/Parse.framework",
			);
			runOnlyForDeploymentPostprocessing = 0;
			shellPath = /bin/sh;
			shellScript = "\"${SRCROOT}/Pods/Target Support Files/Pods-Parse Chat/Pods-Parse Chat-frameworks.sh\"\n";
			showEnvVarsInLog = 0;
		};
/* End PBXShellScriptBuildPhase section */

/* Begin PBXSourcesBuildPhase section */
		B904D2A421560D9600179044 /* Sources */ = {
			isa = PBXSourcesBuildPhase;
			buildActionMask = 2147483647;
			files = (
				B904D2DA2157764B00179044 /* LoginViewController.swift in Sources */,
				B904D2DE21577D0100179044 /* ChatCell.swift in Sources */,
				B904D2AE21560D9600179044 /* ViewController.swift in Sources */,
				B904D2AC21560D9600179044 /* AppDelegate.swift in Sources */,
			);
			runOnlyForDeploymentPostprocessing = 0;
		};
		B904D2B821560D9600179044 /* Sources */ = {
			isa = PBXSourcesBuildPhase;
			buildActionMask = 2147483647;
			files = (
				B904D2C121560D9600179044 /* Parse_ChatTests.swift in Sources */,
			);
			runOnlyForDeploymentPostprocessing = 0;
		};
		B904D2C321560D9600179044 /* Sources */ = {
			isa = PBXSourcesBuildPhase;
			buildActionMask = 2147483647;
			files = (
				B904D2CC21560D9600179044 /* Parse_ChatUITests.swift in Sources */,
			);
			runOnlyForDeploymentPostprocessing = 0;
		};
/* End PBXSourcesBuildPhase section */

/* Begin PBXTargetDependency section */
		B904D2BE21560D9600179044 /* PBXTargetDependency */ = {
			isa = PBXTargetDependency;
			target = B904D2A721560D9600179044 /* Parse Chat */;
			targetProxy = B904D2BD21560D9600179044 /* PBXContainerItemProxy */;
		};
		B904D2C921560D9600179044 /* PBXTargetDependency */ = {
			isa = PBXTargetDependency;
			target = B904D2A721560D9600179044 /* Parse Chat */;
			targetProxy = B904D2C821560D9600179044 /* PBXContainerItemProxy */;
		};
/* End PBXTargetDependency section */

/* Begin PBXVariantGroup section */
		B904D2AF21560D9600179044 /* Main.storyboard */ = {
			isa = PBXVariantGroup;
			children = (
				B904D2B021560D9600179044 /* Base */,
			);
			name = Main.storyboard;
			sourceTree = "<group>";
		};
		B904D2B421560D9600179044 /* LaunchScreen.storyboard */ = {
			isa = PBXVariantGroup;
			children = (
				B904D2B521560D9600179044 /* Base */,
			);
			name = LaunchScreen.storyboard;
			sourceTree = "<group>";
		};
/* End PBXVariantGroup section */

/* Begin XCBuildConfiguration section */
		B904D2CE21560D9600179044 /* Debug */ = {
			isa = XCBuildConfiguration;
			buildSettings = {
				ALWAYS_SEARCH_USER_PATHS = NO;
				CLANG_ANALYZER_NONNULL = YES;
				CLANG_ANALYZER_NUMBER_OBJECT_CONVERSION = YES_AGGRESSIVE;
				CLANG_CXX_LANGUAGE_STANDARD = "gnu++14";
				CLANG_CXX_LIBRARY = "libc++";
				CLANG_ENABLE_MODULES = YES;
				CLANG_ENABLE_OBJC_ARC = YES;
				CLANG_WARN_BLOCK_CAPTURE_AUTORELEASING = YES;
				CLANG_WARN_BOOL_CONVERSION = YES;
				CLANG_WARN_COMMA = YES;
				CLANG_WARN_CONSTANT_CONVERSION = YES;
				CLANG_WARN_DIRECT_OBJC_ISA_USAGE = YES_ERROR;
				CLANG_WARN_DOCUMENTATION_COMMENTS = YES;
				CLANG_WARN_EMPTY_BODY = YES;
				CLANG_WARN_ENUM_CONVERSION = YES;
				CLANG_WARN_INFINITE_RECURSION = YES;
				CLANG_WARN_INT_CONVERSION = YES;
				CLANG_WARN_NON_LITERAL_NULL_CONVERSION = YES;
				CLANG_WARN_OBJC_LITERAL_CONVERSION = YES;
				CLANG_WARN_OBJC_ROOT_CLASS = YES_ERROR;
				CLANG_WARN_RANGE_LOOP_ANALYSIS = YES;
				CLANG_WARN_STRICT_PROTOTYPES = YES;
				CLANG_WARN_SUSPICIOUS_MOVE = YES;
				CLANG_WARN_UNGUARDED_AVAILABILITY = YES_AGGRESSIVE;
				CLANG_WARN_UNREACHABLE_CODE = YES;
				CLANG_WARN__DUPLICATE_METHOD_MATCH = YES;
				CODE_SIGN_IDENTITY = "iPhone Developer";
				COPY_PHASE_STRIP = NO;
				DEBUG_INFORMATION_FORMAT = dwarf;
				ENABLE_STRICT_OBJC_MSGSEND = YES;
				ENABLE_TESTABILITY = YES;
				GCC_C_LANGUAGE_STANDARD = gnu11;
				GCC_DYNAMIC_NO_PIC = NO;
				GCC_NO_COMMON_BLOCKS = YES;
				GCC_OPTIMIZATION_LEVEL = 0;
				GCC_PREPROCESSOR_DEFINITIONS = (
					"DEBUG=1",
					"$(inherited)",
				);
				GCC_WARN_64_TO_32_BIT_CONVERSION = YES;
				GCC_WARN_ABOUT_RETURN_TYPE = YES_ERROR;
				GCC_WARN_UNDECLARED_SELECTOR = YES;
				GCC_WARN_UNINITIALIZED_AUTOS = YES_AGGRESSIVE;
				GCC_WARN_UNUSED_FUNCTION = YES;
				GCC_WARN_UNUSED_VARIABLE = YES;
				IPHONEOS_DEPLOYMENT_TARGET = 11.2;
				MTL_ENABLE_DEBUG_INFO = YES;
				ONLY_ACTIVE_ARCH = YES;
				SDKROOT = iphoneos;
				SWIFT_ACTIVE_COMPILATION_CONDITIONS = DEBUG;
				SWIFT_OPTIMIZATION_LEVEL = "-Onone";
			};
			name = Debug;
		};
		B904D2CF21560D9600179044 /* Release */ = {
			isa = XCBuildConfiguration;
			buildSettings = {
				ALWAYS_SEARCH_USER_PATHS = NO;
				CLANG_ANALYZER_NONNULL = YES;
				CLANG_ANALYZER_NUMBER_OBJECT_CONVERSION = YES_AGGRESSIVE;
				CLANG_CXX_LANGUAGE_STANDARD = "gnu++14";
				CLANG_CXX_LIBRARY = "libc++";
				CLANG_ENABLE_MODULES = YES;
				CLANG_ENABLE_OBJC_ARC = YES;
				CLANG_WARN_BLOCK_CAPTURE_AUTORELEASING = YES;
				CLANG_WARN_BOOL_CONVERSION = YES;
				CLANG_WARN_COMMA = YES;
				CLANG_WARN_CONSTANT_CONVERSION = YES;
				CLANG_WARN_DIRECT_OBJC_ISA_USAGE = YES_ERROR;
				CLANG_WARN_DOCUMENTATION_COMMENTS = YES;
				CLANG_WARN_EMPTY_BODY = YES;
				CLANG_WARN_ENUM_CONVERSION = YES;
				CLANG_WARN_INFINITE_RECURSION = YES;
				CLANG_WARN_INT_CONVERSION = YES;
				CLANG_WARN_NON_LITERAL_NULL_CONVERSION = YES;
				CLANG_WARN_OBJC_LITERAL_CONVERSION = YES;
				CLANG_WARN_OBJC_ROOT_CLASS = YES_ERROR;
				CLANG_WARN_RANGE_LOOP_ANALYSIS = YES;
				CLANG_WARN_STRICT_PROTOTYPES = YES;
				CLANG_WARN_SUSPICIOUS_MOVE = YES;
				CLANG_WARN_UNGUARDED_AVAILABILITY = YES_AGGRESSIVE;
				CLANG_WARN_UNREACHABLE_CODE = YES;
				CLANG_WARN__DUPLICATE_METHOD_MATCH = YES;
				CODE_SIGN_IDENTITY = "iPhone Developer";
				COPY_PHASE_STRIP = NO;
				DEBUG_INFORMATION_FORMAT = "dwarf-with-dsym";
				ENABLE_NS_ASSERTIONS = NO;
				ENABLE_STRICT_OBJC_MSGSEND = YES;
				GCC_C_LANGUAGE_STANDARD = gnu11;
				GCC_NO_COMMON_BLOCKS = YES;
				GCC_WARN_64_TO_32_BIT_CONVERSION = YES;
				GCC_WARN_ABOUT_RETURN_TYPE = YES_ERROR;
				GCC_WARN_UNDECLARED_SELECTOR = YES;
				GCC_WARN_UNINITIALIZED_AUTOS = YES_AGGRESSIVE;
				GCC_WARN_UNUSED_FUNCTION = YES;
				GCC_WARN_UNUSED_VARIABLE = YES;
				IPHONEOS_DEPLOYMENT_TARGET = 11.2;
				MTL_ENABLE_DEBUG_INFO = NO;
				SDKROOT = iphoneos;
				SWIFT_OPTIMIZATION_LEVEL = "-Owholemodule";
				VALIDATE_PRODUCT = YES;
			};
			name = Release;
		};
		B904D2D121560D9600179044 /* Debug */ = {
			isa = XCBuildConfiguration;
			baseConfigurationReference = F558F7E34CD7CA24E3D93E00 /* Pods-Parse Chat.debug.xcconfig */;
			buildSettings = {
				ASSETCATALOG_COMPILER_APPICON_NAME = AppIcon;
				CODE_SIGN_STYLE = Automatic;
				INFOPLIST_FILE = "Parse Chat/Info.plist";
				LD_RUNPATH_SEARCH_PATHS = "$(inherited) @executable_path/Frameworks";
				PRODUCT_BUNDLE_IDENTIFIER = "-.Parse-Chat";
				PRODUCT_NAME = "$(TARGET_NAME)";
				SWIFT_VERSION = 4.0;
				TARGETED_DEVICE_FAMILY = "1,2";
			};
			name = Debug;
		};
		B904D2D221560D9600179044 /* Release */ = {
			isa = XCBuildConfiguration;
			baseConfigurationReference = 646D4EA0625C0646D4FA2E40 /* Pods-Parse Chat.release.xcconfig */;
			buildSettings = {
				ASSETCATALOG_COMPILER_APPICON_NAME = AppIcon;
				CODE_SIGN_STYLE = Automatic;
				INFOPLIST_FILE = "Parse Chat/Info.plist";
				LD_RUNPATH_SEARCH_PATHS = "$(inherited) @executable_path/Frameworks";
				PRODUCT_BUNDLE_IDENTIFIER = "-.Parse-Chat";
				PRODUCT_NAME = "$(TARGET_NAME)";
				SWIFT_VERSION = 4.0;
				TARGETED_DEVICE_FAMILY = "1,2";
			};
			name = Release;
		};
		B904D2D421560D9600179044 /* Debug */ = {
			isa = XCBuildConfiguration;
			baseConfigurationReference = 67CACF972C4AD16D9B7992AB /* Pods-Parse ChatTests.debug.xcconfig */;
			buildSettings = {
				ALWAYS_EMBED_SWIFT_STANDARD_LIBRARIES = YES;
				BUNDLE_LOADER = "$(TEST_HOST)";
				CODE_SIGN_STYLE = Automatic;
				INFOPLIST_FILE = "Parse ChatTests/Info.plist";
				LD_RUNPATH_SEARCH_PATHS = "$(inherited) @executable_path/Frameworks @loader_path/Frameworks";
				PRODUCT_BUNDLE_IDENTIFIER = "-.Parse-ChatTests";
				PRODUCT_NAME = "$(TARGET_NAME)";
				SWIFT_VERSION = 4.0;
				TARGETED_DEVICE_FAMILY = "1,2";
				TEST_HOST = "$(BUILT_PRODUCTS_DIR)/Parse Chat.app/Parse Chat";
			};
			name = Debug;
		};
		B904D2D521560D9600179044 /* Release */ = {
			isa = XCBuildConfiguration;
			baseConfigurationReference = 2599ED8183AA47A3B3A33FAB /* Pods-Parse ChatTests.release.xcconfig */;
			buildSettings = {
				ALWAYS_EMBED_SWIFT_STANDARD_LIBRARIES = YES;
				BUNDLE_LOADER = "$(TEST_HOST)";
				CODE_SIGN_STYLE = Automatic;
				INFOPLIST_FILE = "Parse ChatTests/Info.plist";
				LD_RUNPATH_SEARCH_PATHS = "$(inherited) @executable_path/Frameworks @loader_path/Frameworks";
				PRODUCT_BUNDLE_IDENTIFIER = "-.Parse-ChatTests";
				PRODUCT_NAME = "$(TARGET_NAME)";
				SWIFT_VERSION = 4.0;
				TARGETED_DEVICE_FAMILY = "1,2";
				TEST_HOST = "$(BUILT_PRODUCTS_DIR)/Parse Chat.app/Parse Chat";
			};
			name = Release;
		};
		B904D2D721560D9600179044 /* Debug */ = {
			isa = XCBuildConfiguration;
			baseConfigurationReference = 2E7AB3FA22484FEDF0C756E5 /* Pods-Parse ChatUITests.debug.xcconfig */;
			buildSettings = {
				ALWAYS_EMBED_SWIFT_STANDARD_LIBRARIES = YES;
				CODE_SIGN_STYLE = Automatic;
				INFOPLIST_FILE = "Parse ChatUITests/Info.plist";
				LD_RUNPATH_SEARCH_PATHS = "$(inherited) @executable_path/Frameworks @loader_path/Frameworks";
				PRODUCT_BUNDLE_IDENTIFIER = "-.Parse-ChatUITests";
				PRODUCT_NAME = "$(TARGET_NAME)";
				SWIFT_VERSION = 4.0;
				TARGETED_DEVICE_FAMILY = "1,2";
				TEST_TARGET_NAME = "Parse Chat";
			};
			name = Debug;
		};
		B904D2D821560D9600179044 /* Release */ = {
			isa = XCBuildConfiguration;
			baseConfigurationReference = 28BDD84048D407D3BDE80366 /* Pods-Parse ChatUITests.release.xcconfig */;
			buildSettings = {
				ALWAYS_EMBED_SWIFT_STANDARD_LIBRARIES = YES;
				CODE_SIGN_STYLE = Automatic;
				INFOPLIST_FILE = "Parse ChatUITests/Info.plist";
				LD_RUNPATH_SEARCH_PATHS = "$(inherited) @executable_path/Frameworks @loader_path/Frameworks";
				PRODUCT_BUNDLE_IDENTIFIER = "-.Parse-ChatUITests";
				PRODUCT_NAME = "$(TARGET_NAME)";
				SWIFT_VERSION = 4.0;
				TARGETED_DEVICE_FAMILY = "1,2";
				TEST_TARGET_NAME = "Parse Chat";
			};
			name = Release;
		};
/* End XCBuildConfiguration section */

/* Begin XCConfigurationList section */
		B904D2A321560D9600179044 /* Build configuration list for PBXProject "Parse Chat" */ = {
			isa = XCConfigurationList;
			buildConfigurations = (
				B904D2CE21560D9600179044 /* Debug */,
				B904D2CF21560D9600179044 /* Release */,
			);
			defaultConfigurationIsVisible = 0;
			defaultConfigurationName = Release;
		};
		B904D2D021560D9600179044 /* Build configuration list for PBXNativeTarget "Parse Chat" */ = {
			isa = XCConfigurationList;
			buildConfigurations = (
				B904D2D121560D9600179044 /* Debug */,
				B904D2D221560D9600179044 /* Release */,
			);
			defaultConfigurationIsVisible = 0;
			defaultConfigurationName = Release;
		};
		B904D2D321560D9600179044 /* Build configuration list for PBXNativeTarget "Parse ChatTests" */ = {
			isa = XCConfigurationList;
			buildConfigurations = (
				B904D2D421560D9600179044 /* Debug */,
				B904D2D521560D9600179044 /* Release */,
			);
			defaultConfigurationIsVisible = 0;
			defaultConfigurationName = Release;
		};
		B904D2D621560D9600179044 /* Build configuration list for PBXNativeTarget "Parse ChatUITests" */ = {
			isa = XCConfigurationList;
			buildConfigurations = (
				B904D2D721560D9600179044 /* Debug */,
				B904D2D821560D9600179044 /* Release */,
			);
			defaultConfigurationIsVisible = 0;
			defaultConfigurationName = Release;
		};
/* End XCConfigurationList section */
	};
	rootObject = B904D2A021560D9600179044 /* Project object */;
}
